
Microsoft Visual Studio Solution File, Format Version 12.00
# Visual Studio Version 17
VisualStudioVersion = 17.5.33414.496
MinimumVisualStudioVersion = 10.0.40219.1
Project("{FAE04EC0-301F-11D3-BF4B-00C04F79EFBC}") = "proyecto", "proyecto\proyecto.csproj", "{F3A7D083-9E28-4514-940E-0783C943B9E0}"
EndProject
Global
	GlobalSection(SolutionConfigurationPlatforms) = preSolution
		Debug|Any CPU = Debug|Any CPU
		Release|Any CPU = Release|Any CPU
	EndGlobalSection
	GlobalSection(ProjectConfigurationPlatforms) = postSolution
		{F3A7D083-9E28-4514-940E-0783C943B9E0}.Debug|Any CPU.ActiveCfg = Debug|Any CPU
		{F3A7D083-9E28-4514-940E-0783C943B9E0}.Debug|Any CPU.Build.0 = Debug|Any CPU
		{F3A7D083-9E28-4514-940E-0783C943B9E0}.Release|Any CPU.ActiveCfg = Release|Any CPU
		{F3A7D083-9E28-4514-940E-0783C943B9E0}.Release|Any CPU.Build.0 = Release|Any CPU
	EndGlobalSection
	GlobalSection(SolutionProperties) = preSolution
		HideSolutionNode = FALSE
	EndGlobalSection
	GlobalSection(ExtensibilityGlobals) = postSolution
		SolutionGuid = {9F81E001-9D23-4B51-BDC3-963C8399577D}
	EndGlobalSection
EndGlobal
